
Microsoft Visual Studio Solution File, Format Version 12.00
# Visual Studio Version 17
VisualStudioVersion = 17.8.34511.84
MinimumVisualStudioVersion = 10.0.40219.1
Project("{FAE04EC0-301F-11D3-BF4B-00C04F79EFBC}") = "P05_Austin", "P05_Austin\P05_Austin.csproj", "{F4F5C225-F2E6-4CE8-AD97-B8F17B8C3F02}"
EndProject
Global
	GlobalSection(SolutionConfigurationPlatforms) = preSolution
		Debug|Any CPU = Debug|Any CPU
		Release|Any CPU = Release|Any CPU
	EndGlobalSection
	GlobalSection(ProjectConfigurationPlatforms) = postSolution
		{F4F5C225-F2E6-4CE8-AD97-B8F17B8C3F02}.Debug|Any CPU.ActiveCfg = Debug|Any CPU
		{F4F5C225-F2E6-4CE8-AD97-B8F17B8C3F02}.Debug|Any CPU.Build.0 = Debug|Any CPU
		{F4F5C225-F2E6-4CE8-AD97-B8F17B8C3F02}.Release|Any CPU.ActiveCfg = Release|Any CPU
		{F4F5C225-F2E6-4CE8-AD97-B8F17B8C3F02}.Release|Any CPU.Build.0 = Release|Any CPU
	EndGlobalSection
	GlobalSection(SolutionProperties) = preSolution
		HideSolutionNode = FALSE
	EndGlobalSection
	GlobalSection(ExtensibilityGlobals) = postSolution
		SolutionGuid = {D356C424-D448-4698-9E22-D7B994690BA5}
	EndGlobalSection
EndGlobal
