
Microsoft Visual Studio Solution File, Format Version 12.00
# Visual Studio Version 17
VisualStudioVersion = 17.9.34616.47
MinimumVisualStudioVersion = 10.0.40219.1
Project("{FAE04EC0-301F-11D3-BF4B-00C04F79EFBC}") = "P08_Austin", "P08_Austin\P08_Austin.csproj", "{8770399F-C05A-4B75-8D19-ABABF0DE13A1}"
EndProject
Global
	GlobalSection(SolutionConfigurationPlatforms) = preSolution
		Debug|Any CPU = Debug|Any CPU
		Release|Any CPU = Release|Any CPU
	EndGlobalSection
	GlobalSection(ProjectConfigurationPlatforms) = postSolution
		{8770399F-C05A-4B75-8D19-ABABF0DE13A1}.Debug|Any CPU.ActiveCfg = Debug|Any CPU
		{8770399F-C05A-4B75-8D19-ABABF0DE13A1}.Debug|Any CPU.Build.0 = Debug|Any CPU
		{8770399F-C05A-4B75-8D19-ABABF0DE13A1}.Release|Any CPU.ActiveCfg = Release|Any CPU
		{8770399F-C05A-4B75-8D19-ABABF0DE13A1}.Release|Any CPU.Build.0 = Release|Any CPU
	EndGlobalSection
	GlobalSection(SolutionProperties) = preSolution
		HideSolutionNode = FALSE
	EndGlobalSection
	GlobalSection(ExtensibilityGlobals) = postSolution
		SolutionGuid = {BF8C42A5-77F9-4B18-A7B0-BD9B60E656C9}
	EndGlobalSection
EndGlobal
