
Microsoft Visual Studio Solution File, Format Version 12.00
# Visual Studio Version 17
VisualStudioVersion = 17.8.34511.84
MinimumVisualStudioVersion = 10.0.40219.1
Project("{FAE04EC0-301F-11D3-BF4B-00C04F79EFBC}") = "P01_Austin", "P01_Austin\P01_Austin.csproj", "{7DCF3CAD-D010-4DF9-91EE-D984D7D0A589}"
EndProject
Global
	GlobalSection(SolutionConfigurationPlatforms) = preSolution
		Debug|Any CPU = Debug|Any CPU
		Release|Any CPU = Release|Any CPU
	EndGlobalSection
	GlobalSection(ProjectConfigurationPlatforms) = postSolution
		{7DCF3CAD-D010-4DF9-91EE-D984D7D0A589}.Debug|Any CPU.ActiveCfg = Debug|Any CPU
		{7DCF3CAD-D010-4DF9-91EE-D984D7D0A589}.Debug|Any CPU.Build.0 = Debug|Any CPU
		{7DCF3CAD-D010-4DF9-91EE-D984D7D0A589}.Release|Any CPU.ActiveCfg = Release|Any CPU
		{7DCF3CAD-D010-4DF9-91EE-D984D7D0A589}.Release|Any CPU.Build.0 = Release|Any CPU
	EndGlobalSection
	GlobalSection(SolutionProperties) = preSolution
		HideSolutionNode = FALSE
	EndGlobalSection
	GlobalSection(ExtensibilityGlobals) = postSolution
		SolutionGuid = {E6CE4D0B-2769-4D56-BA96-53C9CB46862B}
	EndGlobalSection
EndGlobal
