
Microsoft Visual Studio Solution File, Format Version 12.00
# Visual Studio Version 17
VisualStudioVersion = 17.9.34616.47
MinimumVisualStudioVersion = 10.0.40219.1
Project("{FAE04EC0-301F-11D3-BF4B-00C04F79EFBC}") = "P07_Austin", "P07_Austin\P07_Austin.csproj", "{F191F27A-1510-45AA-B93D-498B504D4759}"
EndProject
Global
	GlobalSection(SolutionConfigurationPlatforms) = preSolution
		Debug|Any CPU = Debug|Any CPU
		Release|Any CPU = Release|Any CPU
	EndGlobalSection
	GlobalSection(ProjectConfigurationPlatforms) = postSolution
		{F191F27A-1510-45AA-B93D-498B504D4759}.Debug|Any CPU.ActiveCfg = Debug|Any CPU
		{F191F27A-1510-45AA-B93D-498B504D4759}.Debug|Any CPU.Build.0 = Debug|Any CPU
		{F191F27A-1510-45AA-B93D-498B504D4759}.Release|Any CPU.ActiveCfg = Release|Any CPU
		{F191F27A-1510-45AA-B93D-498B504D4759}.Release|Any CPU.Build.0 = Release|Any CPU
	EndGlobalSection
	GlobalSection(SolutionProperties) = preSolution
		HideSolutionNode = FALSE
	EndGlobalSection
	GlobalSection(ExtensibilityGlobals) = postSolution
		SolutionGuid = {CDADF665-E508-4C2D-B7FC-06045C48A13A}
	EndGlobalSection
EndGlobal
